lockfileVersion: '9.0'

settings:
  autoInstallPeers: true
  excludeLinksFromLockfile: false

importers:

  .:
    dependencies:
      chartjs-plugin-annotation:
        specifier: ^3.1.0
        version: 3.1.0(chart.js@4.4.8)

packages:

  '@kurkle/color@0.3.4':
    resolution: {integrity: sha512-M5UknZPHRu3DEDWoipU6sE8PdkZ6Z/S+v4dD+Ke8IaNlpdSQah50lz1KtcFBa2vsdOnwbbnxJwVM4wty6udA5w==}

  chart.js@4.4.8:
    resolution: {integrity: sha512-IkGZlVpXP+83QpMm4uxEiGqSI7jFizwVtF3+n5Pc3k7sMO+tkd0qxh2OzLhenM0K80xtmAONWGBn082EiBQSDA==}
    engines: {pnpm: '>=8'}

  chartjs-plugin-annotation@3.1.0:
    resolution: {integrity: sha512-EkAed6/ycXD/7n0ShrlT1T2Hm3acnbFhgkIEJLa0X+M6S16x0zwj1Fv4suv/2bwayCT3jGPdAtI9uLcAMToaQQ==}
    peerDependencies:
      chart.js: '>=4.0.0'

snapshots:

  '@kurkle/color@0.3.4': {}

  chart.js@4.4.8:
    dependencies:
      '@kurkle/color': 0.3.4

  chartjs-plugin-annotation@3.1.0(chart.js@4.4.8):
    dependencies:
      chart.js: 4.4.8
