version = "3.0.0-rc.2"

[[artifact]]
space = "test-space"
name = "test-artifact"
version = "1.0.0"
uid = "abc123"
write_dir = "artifacts"
registry_type = "model"

[[artifact]]
space = "test-space-2"
name = "test-artifact-2"
version = "2.0.0"
uid = "def456"
write_dir = "artifacts"
registry_type = "data"